// !$*UTF8*$!
{
	archiveVersion = 1;
	classes = {
	};
	objectVersion = 56;
	objects = {

/* Begin PBXBuildFile section */
		9049FE882BEFEA240018B90D /* HomeView.swift in Sources */ = {isa = PBXBuildFile; fileRef = 9049FE872BEFEA240018B90D /* HomeView.swift */; };
		9049FE8A2BEFFA8F0018B90D /* VocabListView.swift in Sources */ = {isa = PBXBuildFile; fileRef = 9049FE892BEFFA8F0018B90D /* VocabListView.swift */; };
		9049FE8C2BEFFBDC0018B90D /* instructions.swift in Sources */ = {isa = PBXBuildFile; fileRef = 9049FE8B2BEFFBDC0018B90D /* instructions.swift */; };
		9049FE8E2BF02DC50018B90D /* VocabList.swift in Sources */ = {isa = PBXBuildFile; fileRef = 9049FE8D2BF02DC50018B90D /* VocabList.swift */; };
		9049FE902BF0321E0018B90D /* Navigation.swift in Sources */ = {isa = PBXBuildFile; fileRef = 9049FE8F2BF0321D0018B90D /* Navigation.swift */; };
		907527682BE9338400743484 /* EonVocabApp.swift in Sources */ = {isa = PBXBuildFile; fileRef = 907527672BE9338400743484 /* EonVocabApp.swift */; };
		9075276A2BE9338400743484 /* GameView.swift in Sources */ = {isa = PBXBuildFile; fileRef = 907527692BE9338400743484 /* GameView.swift */; };
		9075276C2BE9338B00743484 /* Assets.xcassets in Resources */ = {isa = PBXBuildFile; fileRef = 9075276B2BE9338B00743484 /* Assets.xcassets */; };
		9075276F2BE9338B00743484 /* Preview Assets.xcassets in Resources */ = {isa = PBXBuildFile; fileRef = 9075276E2BE9338B00743484 /* Preview Assets.xcassets */; };
/* End PBXBuildFile section */

/* Begin PBXFileReference section */
		9049FE872BEFEA240018B90D /* HomeView.swift */ = {isa = PBXFileReference; lastKnownFileType = sourcecode.swift; path = HomeView.swift; sourceTree = "<group>"; };
		9049FE892BEFFA8F0018B90D /* VocabListView.swift */ = {isa = PBXFileReference; lastKnownFileType = sourcecode.swift; path = VocabListView.swift; sourceTree = "<group>"; };
		9049FE8B2BEFFBDC0018B90D /* instructions.swift */ = {isa = PBXFileReference; lastKnownFileType = sourcecode.swift; path = instructions.swift; sourceTree = "<group>"; };
		9049FE8D2BF02DC50018B90D /* VocabList.swift */ = {isa = PBXFileReference; lastKnownFileType = sourcecode.swift; path = VocabList.swift; sourceTree = "<group>"; };
		9049FE8F2BF0321D0018B90D /* Navigation.swift */ = {isa = PBXFileReference; lastKnownFileType = sourcecode.swift; path = Navigation.swift; sourceTree = "<group>"; };
		907527642BE9338400743484 /* Vocab Match.app */ = {isa = PBXFileReference; explicitFileType = wrapper.application; includeInIndex = 0; path = "Vocab Match.app"; sourceTree = BUILT_PRODUCTS_DIR; };
		907527672BE9338400743484 /* EonVocabApp.swift */ = {isa = PBXFileReference; lastKnownFileType = sourcecode.swift; path = EonVocabApp.swift; sourceTree = "<group>"; };
		907527692BE9338400743484 /* GameView.swift */ = {isa = PBXFileReference; lastKnownFileType = sourcecode.swift; path = GameView.swift; sourceTree = "<group>"; };
		9075276B2BE9338B00743484 /* Assets.xcassets */ = {isa = PBXFileReference; lastKnownFileType = folder.assetcatalog; path = Assets.xcassets; sourceTree = "<group>"; };
		9075276E2BE9338B00743484 /* Preview Assets.xcassets */ = {isa = PBXFileReference; lastKnownFileType = folder.assetcatalog; path = "Preview Assets.xcassets"; sourceTree = "<group>"; };
/* End PBXFileReference section */

/* Begin PBXFrameworksBuildPhase section */
		907527612BE9338400743484 /* Frameworks */ = {
			isa = PBXFrameworksBuildPhase;
			buildActionMask = 2147483647;
			files = (
			);
			runOnlyForDeploymentPostprocessing = 0;
		};
/* End PBXFrameworksBuildPhase section */

/* Begin PBXGroup section */
		9075275B2BE9338400743484 = {
			isa = PBXGroup;
			children = (
				907527662BE9338400743484 /* EonVocab */,
				907527652BE9338400743484 /* Products */,
			);
			sourceTree = "<group>";
		};
		907527652BE9338400743484 /* Products */ = {
			isa = PBXGroup;
			children = (
				907527642BE9338400743484 /* Vocab Match.app */,
			);
			name = Products;
			sourceTree = "<group>";
		};
		907527662BE9338400743484 /* EonVocab */ = {
			isa = PBXGroup;
			children = (
				907527672BE9338400743484 /* EonVocabApp.swift */,
				907527692BE9338400743484 /* GameView.swift */,
				9049FE8B2BEFFBDC0018B90D /* instructions.swift */,
				9049FE892BEFFA8F0018B90D /* VocabListView.swift */,
				9049FE872BEFEA240018B90D /* HomeView.swift */,
				9049FE8D2BF02DC50018B90D /* VocabList.swift */,
				9049FE8F2BF0321D0018B90D /* Navigation.swift */,
				9075276B2BE9338B00743484 /* Assets.xcassets */,
				9075276D2BE9338B00743484 /* Preview Content */,
			);
			path = EonVocab;
			sourceTree = "<group>";
		};
		9075276D2BE9338B00743484 /* Preview Content */ = {
			isa = PBXGroup;
			children = (
				9075276E2BE9338B00743484 /* Preview Assets.xcassets */,
			);
			path = "Preview Content";
			sourceTree = "<group>";
		};
/* End PBXGroup section */

/* Begin PBXNativeTarget section */
		907527632BE9338400743484 /* Vocab Match */ = {
			isa = PBXNativeTarget;
			buildConfigurationList = 907527722BE9338B00743484 /* Build configuration list for PBXNativeTarget "Vocab Match" */;
			buildPhases = (
				907527602BE9338400743484 /* Sources */,
				907527612BE9338400743484 /* Frameworks */,
				907527622BE9338400743484 /* Resources */,
			);
			buildRules = (
			);
			dependencies = (
			);
			name = "Vocab Match";
			productName = EonVocab;
			productReference = 907527642BE9338400743484 /* Vocab Match.app */;
			productType = "com.apple.product-type.application";
		};
/* End PBXNativeTarget section */

/* Begin PBXProject section */
		9075275C2BE9338400743484 /* Project object */ = {
			isa = PBXProject;
			attributes = {
				BuildIndependentTargetsInParallel = 1;
				LastSwiftUpdateCheck = 1420;
				LastUpgradeCheck = 1420;
				TargetAttributes = {
					907527632BE9338400743484 = {
						CreatedOnToolsVersion = 14.2;
					};
				};
			};
			buildConfigurationList = 9075275F2BE9338400743484 /* Build configuration list for PBXProject "Vocab Match" */;
			compatibilityVersion = "Xcode 14.0";
			developmentRegion = en;
			hasScannedForEncodings = 0;
			knownRegions = (
				en,
				Base,
			);
			mainGroup = 9075275B2BE9338400743484;
			productRefGroup = 907527652BE9338400743484 /* Products */;
			projectDirPath = "";
			projectRoot = "";
			targets = (
				907527632BE9338400743484 /* Vocab Match */,
			);
		};
/* End PBXProject section */

/* Begin PBXResourcesBuildPhase section */
		907527622BE9338400743484 /* Resources */ = {
			isa = PBXResourcesBuildPhase;
			buildActionMask = 2147483647;
			files = (
				9075276F2BE9338B00743484 /* Preview Assets.xcassets in Resources */,
				9075276C2BE9338B00743484 /* Assets.xcassets in Resources */,
			);
			runOnlyForDeploymentPostprocessing = 0;
		};
/* End PBXResourcesBuildPhase section */

/* Begin PBXSourcesBuildPhase section */
		907527602BE9338400743484 /* Sources */ = {
			isa = PBXSourcesBuildPhase;
			buildActionMask = 2147483647;
			files = (
				9049FE882BEFEA240018B90D /* HomeView.swift in Sources */,
				9049FE8A2BEFFA8F0018B90D /* VocabListView.swift in Sources */,
				9049FE902BF0321E0018B90D /* Navigation.swift in Sources */,
				9049FE8C2BEFFBDC0018B90D /* instructions.swift in Sources */,
				9049FE8E2BF02DC50018B90D /* VocabList.swift in Sources */,
				9075276A2BE9338400743484 /* GameView.swift in Sources */,
				907527682BE9338400743484 /* EonVocabApp.swift in Sources */,
			);
			runOnlyForDeploymentPostprocessing = 0;
		};
/* End PBXSourcesBuildPhase section */

/* Begin XCBuildConfiguration section */
		907527702BE9338B00743484 /* Debug */ = {
			isa = XCBuildConfiguration;
			buildSettings = {
				ALWAYS_SEARCH_USER_PATHS = NO;
				CLANG_ANALYZER_NONNULL = YES;
				CLANG_ANALYZER_NUMBER_OBJECT_CONVERSION = YES_AGGRESSIVE;
				CLANG_CXX_LANGUAGE_STANDARD = "gnu++20";
				CLANG_ENABLE_MODULES = YES;
				CLANG_ENABLE_OBJC_ARC = YES;
				CLANG_ENABLE_OBJC_WEAK = YES;
				CLANG_WARN_BLOCK_CAPTURE_AUTORELEASING = YES;
				CLANG_WARN_BOOL_CONVERSION = YES;
				CLANG_WARN_COMMA = YES;
				CLANG_WARN_CONSTANT_CONVERSION = YES;
				CLANG_WARN_DEPRECATED_OBJC_IMPLEMENTATIONS = YES;
				CLANG_WARN_DIRECT_OBJC_ISA_USAGE = YES_ERROR;
				CLANG_WARN_DOCUMENTATION_COMMENTS = YES;
				CLANG_WARN_EMPTY_BODY = YES;
				CLANG_WARN_ENUM_CONVERSION = YES;
				CLANG_WARN_INFINITE_RECURSION = YES;
				CLANG_WARN_INT_CONVERSION = YES;
				CLANG_WARN_NON_LITERAL_NULL_CONVERSION = YES;
				CLANG_WARN_OBJC_IMPLICIT_RETAIN_SELF = YES;
				CLANG_WARN_OBJC_LITERAL_CONVERSION = YES;
				CLANG_WARN_OBJC_ROOT_CLASS = YES_ERROR;
				CLANG_WARN_QUOTED_INCLUDE_IN_FRAMEWORK_HEADER = YES;
				CLANG_WARN_RANGE_LOOP_ANALYSIS = YES;
				CLANG_WARN_STRICT_PROTOTYPES = YES;
				CLANG_WARN_SUSPICIOUS_MOVE = YES;
				CLANG_WARN_UNGUARDED_AVAILABILITY = YES_AGGRESSIVE;
				CLANG_WARN_UNREACHABLE_CODE = YES;
				CLANG_WARN__DUPLICATE_METHOD_MATCH = YES;
				COPY_PHASE_STRIP = NO;
				DEBUG_INFORMATION_FORMAT = dwarf;
				ENABLE_STRICT_OBJC_MSGSEND = YES;
				ENABLE_TESTABILITY = YES;
				GCC_C_LANGUAGE_STANDARD = gnu11;
				GCC_DYNAMIC_NO_PIC = NO;
				GCC_NO_COMMON_BLOCKS = YES;
				GCC_OPTIMIZATION_LEVEL = 0;
				GCC_PREPROCESSOR_DEFINITIONS = (
					"DEBUG=1",
					"$(inherited)",
				);
				GCC_WARN_64_TO_32_BIT_CONVERSION = YES;
				GCC_WARN_ABOUT_RETURN_TYPE = YES_ERROR;
				GCC_WARN_UNDECLARED_SELECTOR = YES;
				GCC_WARN_UNINITIALIZED_AUTOS = YES_AGGRESSIVE;
				GCC_WARN_UNUSED_FUNCTION = YES;
				GCC_WARN_UNUSED_VARIABLE = YES;
				IPHONEOS_DEPLOYMENT_TARGET = 16.2;
				MTL_ENABLE_DEBUG_INFO = INCLUDE_SOURCE;
				MTL_FAST_MATH = YES;
				ONLY_ACTIVE_ARCH = YES;
				SDKROOT = iphoneos;
				SWIFT_ACTIVE_COMPILATION_CONDITIONS = DEBUG;
				SWIFT_OPTIMIZATION_LEVEL = "-Onone";
			};
			name = Debug;
		};
		907527712BE9338B00743484 /* Release */ = {
			isa = XCBuildConfiguration;
			buildSettings = {
				ALWAYS_SEARCH_USER_PATHS = NO;
				CLANG_ANALYZER_NONNULL = YES;
				CLANG_ANALYZER_NUMBER_OBJECT_CONVERSION = YES_AGGRESSIVE;
				CLANG_CXX_LANGUAGE_STANDARD = "gnu++20";
				CLANG_ENABLE_MODULES = YES;
				CLANG_ENABLE_OBJC_ARC = YES;
				CLANG_ENABLE_OBJC_WEAK = YES;
				CLANG_WARN_BLOCK_CAPTURE_AUTORELEASING = YES;
				CLANG_WARN_BOOL_CONVERSION = YES;
				CLANG_WARN_COMMA = YES;
				CLANG_WARN_CONSTANT_CONVERSION = YES;
				CLANG_WARN_DEPRECATED_OBJC_IMPLEMENTATIONS = YES;
				CLANG_WARN_DIRECT_OBJC_ISA_USAGE = YES_ERROR;
				CLANG_WARN_DOCUMENTATION_COMMENTS = YES;
				CLANG_WARN_EMPTY_BODY = YES;
				CLANG_WARN_ENUM_CONVERSION = YES;
				CLANG_WARN_INFINITE_RECURSION = YES;
				CLANG_WARN_INT_CONVERSION = YES;
				CLANG_WARN_NON_LITERAL_NULL_CONVERSION = YES;
				CLANG_WARN_OBJC_IMPLICIT_RETAIN_SELF = YES;
				CLANG_WARN_OBJC_LITERAL_CONVERSION = YES;
				CLANG_WARN_OBJC_ROOT_CLASS = YES_ERROR;
				CLANG_WARN_QUOTED_INCLUDE_IN_FRAMEWORK_HEADER = YES;
				CLANG_WARN_RANGE_LOOP_ANALYSIS = YES;
				CLANG_WARN_STRICT_PROTOTYPES = YES;
				CLANG_WARN_SUSPICIOUS_MOVE = YES;
				CLANG_WARN_UNGUARDED_AVAILABILITY = YES_AGGRESSIVE;
				CLANG_WARN_UNREACHABLE_CODE = YES;
				CLANG_WARN__DUPLICATE_METHOD_MATCH = YES;
				COPY_PHASE_STRIP = NO;
				DEBUG_INFORMATION_FORMAT = "dwarf-with-dsym";
				ENABLE_NS_ASSERTIONS = NO;
				ENABLE_STRICT_OBJC_MSGSEND = YES;
				GCC_C_LANGUAGE_STANDARD = gnu11;
				GCC_NO_COMMON_BLOCKS = YES;
				GCC_WARN_64_TO_32_BIT_CONVERSION = YES;
				GCC_WARN_ABOUT_RETURN_TYPE = YES_ERROR;
				GCC_WARN_UNDECLARED_SELECTOR = YES;
				GCC_WARN_UNINITIALIZED_AUTOS = YES_AGGRESSIVE;
				GCC_WARN_UNUSED_FUNCTION = YES;
				GCC_WARN_UNUSED_VARIABLE = YES;
				IPHONEOS_DEPLOYMENT_TARGET = 16.2;
				MTL_ENABLE_DEBUG_INFO = NO;
				MTL_FAST_MATH = YES;
				SDKROOT = iphoneos;
				SWIFT_COMPILATION_MODE = wholemodule;
				SWIFT_OPTIMIZATION_LEVEL = "-O";
				VALIDATE_PRODUCT = YES;
			};
			name = Release;
		};
		907527732BE9338B00743484 /* Debug */ = {
			isa = XCBuildConfiguration;
			buildSettings = {
				ASSETCATALOG_COMPILER_APPICON_NAME = AppIcon;
				ASSETCATALOG_COMPILER_GLOBAL_ACCENT_COLOR_NAME = AccentColor;
				CODE_SIGN_STYLE = Automatic;
				CURRENT_PROJECT_VERSION = 1;
				DEVELOPMENT_ASSET_PATHS = "\"EonVocab/Preview Content\"";
				ENABLE_PREVIEWS = YES;
				GENERATE_INFOPLIST_FILE = YES;
				INFOPLIST_KEY_UIApplicationSceneManifest_Generation = YES;
				INFOPLIST_KEY_UIApplicationSupportsIndirectInputEvents = YES;
				INFOPLIST_KEY_UILaunchScreen_Generation = YES;
				INFOPLIST_KEY_UISupportedInterfaceOrientations_iPad = "UIInterfaceOrientationPortrait UIInterfaceOrientationPortraitUpsideDown UIInterfaceOrientationLandscapeLeft UIInterfaceOrientationLandscapeRight";
				INFOPLIST_KEY_UISupportedInterfaceOrientations_iPhone = "UIInterfaceOrientationPortrait UIInterfaceOrientationLandscapeLeft UIInterfaceOrientationLandscapeRight";
				LD_RUNPATH_SEARCH_PATHS = (
					"$(inherited)",
					"@executable_path/Frameworks",
				);
				MARKETING_VERSION = 1.0;
				PRODUCT_BUNDLE_IDENTIFIER = Jessenia.EonVocab;
				PRODUCT_NAME = "$(TARGET_NAME)";
				SWIFT_EMIT_LOC_STRINGS = YES;
				SWIFT_VERSION = 5.0;
				TARGETED_DEVICE_FAMILY = "1,2";
			};
			name = Debug;
		};
		907527742BE9338B00743484 /* Release */ = {
			isa = XCBuildConfiguration;
			buildSettings = {
				ASSETCATALOG_COMPILER_APPICON_NAME = AppIcon;
				ASSETCATALOG_COMPILER_GLOBAL_ACCENT_COLOR_NAME = AccentColor;
				CODE_SIGN_STYLE = Automatic;
				CURRENT_PROJECT_VERSION = 1;
				DEVELOPMENT_ASSET_PATHS = "\"EonVocab/Preview Content\"";
				ENABLE_PREVIEWS = YES;
				GENERATE_INFOPLIST_FILE = YES;
				INFOPLIST_KEY_UIApplicationSceneManifest_Generation = YES;
				INFOPLIST_KEY_UIApplicationSupportsIndirectInputEvents = YES;
				INFOPLIST_KEY_UILaunchScreen_Generation = YES;
				INFOPLIST_KEY_UISupportedInterfaceOrientations_iPad = "UIInterfaceOrientationPortrait UIInterfaceOrientationPortraitUpsideDown UIInterfaceOrientationLandscapeLeft UIInterfaceOrientationLandscapeRight";
				INFOPLIST_KEY_UISupportedInterfaceOrientations_iPhone = "UIInterfaceOrientationPortrait UIInterfaceOrientationLandscapeLeft UIInterfaceOrientationLandscapeRight";
				LD_RUNPATH_SEARCH_PATHS = (
					"$(inherited)",
					"@executable_path/Frameworks",
				);
				MARKETING_VERSION = 1.0;
				PRODUCT_BUNDLE_IDENTIFIER = Jessenia.EonVocab;
				PRODUCT_NAME = "$(TARGET_NAME)";
				SWIFT_EMIT_LOC_STRINGS = YES;
				SWIFT_VERSION = 5.0;
				TARGETED_DEVICE_FAMILY = "1,2";
			};
			name = Release;
		};
/* End XCBuildConfiguration section */

/* Begin XCConfigurationList section */
		9075275F2BE9338400743484 /* Build configuration list for PBXProject "Vocab Match" */ = {
			isa = XCConfigurationList;
			buildConfigurations = (
				907527702BE9338B00743484 /* Debug */,
				907527712BE9338B00743484 /* Release */,
			);
			defaultConfigurationIsVisible = 0;
			defaultConfigurationName = Release;
		};
		907527722BE9338B00743484 /* Build configuration list for PBXNativeTarget "Vocab Match" */ = {
			isa = XCConfigurationList;
			buildConfigurations = (
				907527732BE9338B00743484 /* Debug */,
				907527742BE9338B00743484 /* Release */,
			);
			defaultConfigurationIsVisible = 0;
			defaultConfigurationName = Release;
		};
/* End XCConfigurationList section */
	};
	rootObject = 9075275C2BE9338400743484 /* Project object */;
}
